
Microsoft Visual Studio Solution File, Format Version 12.00
# Visual Studio 15
VisualStudioVersion = 15.0.27703.2018
MinimumVisualStudioVersion = 10.0.40219.1
Project("{FAE04EC0-301F-11D3-BF4B-00C04F79EFBC}") = "DBConnection", "DBConnection\DBConnection.csproj", "{F855BF95-BB06-43A6-B1E5-7352F0CBBC24}"
EndProject
Global
	GlobalSection(SolutionConfigurationPlatforms) = preSolution
		Debug|Any CPU = Debug|Any CPU
		Release|Any CPU = Release|Any CPU
	EndGlobalSection
	GlobalSection(ProjectConfigurationPlatforms) = postSolution
		{F855BF95-BB06-43A6-B1E5-7352F0CBBC24}.Debug|Any CPU.ActiveCfg = Debug|Any CPU
		{F855BF95-BB06-43A6-B1E5-7352F0CBBC24}.Debug|Any CPU.Build.0 = Debug|Any CPU
		{F855BF95-BB06-43A6-B1E5-7352F0CBBC24}.Release|Any CPU.ActiveCfg = Release|Any CPU
		{F855BF95-BB06-43A6-B1E5-7352F0CBBC24}.Release|Any CPU.Build.0 = Release|Any CPU
	EndGlobalSection
	GlobalSection(SolutionProperties) = preSolution
		HideSolutionNode = FALSE
	EndGlobalSection
	GlobalSection(ExtensibilityGlobals) = postSolution
		SolutionGuid = {70FE829C-3A5E-424A-9533-A4F4DEF45ED7}
	EndGlobalSection
EndGlobal
